
Microsoft Visual Studio Solution File, Format Version 12.00
# Visual Studio Version 17
VisualStudioVersion = 17.0.31815.197
MinimumVisualStudioVersion = 10.0.40219.1
Project("{FAE04EC0-301F-11D3-BF4B-00C04F79EFBC}") = "QAner-Service", "QAner-Service\QAner-Service.csproj", "{37B7BE5C-7A69-4CAB-BCCD-95F07B2A5AE9}"
EndProject
Project("{FAE04EC0-301F-11D3-BF4B-00C04F79EFBC}") = "QAner Cmd", "cmd\QAner Cmd.csproj", "{846862B5-E58C-4F03-A478-0F7EE6FCA3B0}"
EndProject
Global
	GlobalSection(SolutionConfigurationPlatforms) = preSolution
		Debug|Any CPU = Debug|Any CPU
		Release|Any CPU = Release|Any CPU
	EndGlobalSection
	GlobalSection(ProjectConfigurationPlatforms) = postSolution
		{37B7BE5C-7A69-4CAB-BCCD-95F07B2A5AE9}.Debug|Any CPU.ActiveCfg = Debug|Any CPU
		{37B7BE5C-7A69-4CAB-BCCD-95F07B2A5AE9}.Debug|Any CPU.Build.0 = Debug|Any CPU
		{37B7BE5C-7A69-4CAB-BCCD-95F07B2A5AE9}.Release|Any CPU.ActiveCfg = Release|Any CPU
		{37B7BE5C-7A69-4CAB-BCCD-95F07B2A5AE9}.Release|Any CPU.Build.0 = Release|Any CPU
		{846862B5-E58C-4F03-A478-0F7EE6FCA3B0}.Debug|Any CPU.ActiveCfg = Debug|Any CPU
		{846862B5-E58C-4F03-A478-0F7EE6FCA3B0}.Debug|Any CPU.Build.0 = Debug|Any CPU
		{846862B5-E58C-4F03-A478-0F7EE6FCA3B0}.Release|Any CPU.ActiveCfg = Release|Any CPU
		{846862B5-E58C-4F03-A478-0F7EE6FCA3B0}.Release|Any CPU.Build.0 = Release|Any CPU
	EndGlobalSection
	GlobalSection(SolutionProperties) = preSolution
		HideSolutionNode = FALSE
	EndGlobalSection
	GlobalSection(ExtensibilityGlobals) = postSolution
		SolutionGuid = {E720CCE8-8F80-4B45-B06B-243B96DF0BDF}
	EndGlobalSection
EndGlobal
